
Microsoft Visual Studio Solution File, Format Version 12.00
# Visual Studio Version 16
VisualStudioVersion = 16.0.810.7
MinimumVisualStudioVersion = 10.0.40219.1
Project("{FAE04EC0-301F-11D3-BF4B-00C04F79EFBC}") = "research_project_tracking_backend", "research_project_tracking_backend\research_project_tracking_backend.csproj", "{757AA6A7-10F5-44C7-8A75-7E17E6B03446}"
EndProject
Global
	GlobalSection(SolutionConfigurationPlatforms) = preSolution
		Debug|Any CPU = Debug|Any CPU
		Release|Any CPU = Release|Any CPU
	EndGlobalSection
	GlobalSection(ProjectConfigurationPlatforms) = postSolution
		{757AA6A7-10F5-44C7-8A75-7E17E6B03446}.Debug|Any CPU.ActiveCfg = Debug|Any CPU
		{757AA6A7-10F5-44C7-8A75-7E17E6B03446}.Debug|Any CPU.Build.0 = Debug|Any CPU
		{757AA6A7-10F5-44C7-8A75-7E17E6B03446}.Release|Any CPU.ActiveCfg = Release|Any CPU
		{757AA6A7-10F5-44C7-8A75-7E17E6B03446}.Release|Any CPU.Build.0 = Release|Any CPU
	EndGlobalSection
	GlobalSection(SolutionProperties) = preSolution
		HideSolutionNode = FALSE
	EndGlobalSection
	GlobalSection(ExtensibilityGlobals) = postSolution
		SolutionGuid = {707E470C-2B43-4E02-B4F1-EC482F2FAB81}
	EndGlobalSection
EndGlobal
